
Microsoft Visual Studio Solution File, Format Version 12.00
# Visual Studio Version 17
VisualStudioVersion = 17.10.35027.167
MinimumVisualStudioVersion = 10.0.40219.1
Project("{FAE04EC0-301F-11D3-BF4B-00C04F79EFBC}") = "ComexAPI", "ComexAPI\ComexAPI.csproj", "{1E8B432A-5172-4928-846D-C331D494DE8D}"
EndProject
Global
	GlobalSection(SolutionConfigurationPlatforms) = preSolution
		Debug|Any CPU = Debug|Any CPU
		Release|Any CPU = Release|Any CPU
	EndGlobalSection
	GlobalSection(ProjectConfigurationPlatforms) = postSolution
		{1E8B432A-5172-4928-846D-C331D494DE8D}.Debug|Any CPU.ActiveCfg = Debug|Any CPU
		{1E8B432A-5172-4928-846D-C331D494DE8D}.Debug|Any CPU.Build.0 = Debug|Any CPU
		{1E8B432A-5172-4928-846D-C331D494DE8D}.Release|Any CPU.ActiveCfg = Release|Any CPU
		{1E8B432A-5172-4928-846D-C331D494DE8D}.Release|Any CPU.Build.0 = Release|Any CPU
	EndGlobalSection
	GlobalSection(SolutionProperties) = preSolution
		HideSolutionNode = FALSE
	EndGlobalSection
	GlobalSection(ExtensibilityGlobals) = postSolution
		SolutionGuid = {23CC5A88-07FB-42AD-AE1D-A1CF52433167}
	EndGlobalSection
EndGlobal
